{
  "name": "test",
  "version": "1.0.0",
  "lockfileVersion": 3,
  "requires": true,
  "packages": {
    "": {
      "name": "test",
      "version": "1.0.0",
      "license": "ISC",
      "dependencies": {
        "showdown-extensions": "^1.0.0"
      }
    },
    "node_modules/showdown-extensions": {
      "version": "1.0.0",
      "resolved": "https://registry.npmjs.org/showdown-extensions/-/showdown-extensions-1.0.0.tgz",
      "integrity": "sha512-JVy8dQOyOz+2RzCmW5R2r0yYO8WRDt1bGNsLsG+VjfNlDx+qU29ZLhu1jbW9+YJ4CqYlLijJKyAnzwYAFxl3yQ==",
      "license": "MIT"
    }
  }
}
