{
  "name": "showdown-extensions",
  "version": "1.0.0",
  "lockfileVersion": 3,
  "requires": true,
  "packages": {
    "": {
      "name": "showdown-extensions",
      "version": "1.0.0",
      "license": "MIT",
      "dependencies": {
        "showdown-highlight": "^3.1.0",
        "showdown-target-blank": "^1.0.2"
      }
    },
    "node_modules/commander": {
      "version": "9.5.0",
      "resolved": "https://registry.npmjs.org/commander/-/commander-9.5.0.tgz",
      "integrity": "sha512-KRs7WVDKg86PWiuAqhDrAQnTXZKraVcCc6vFdL14qrZ/DcWwuRo7VoiYXalXO7S5GKpqYiVEwCbgFDfxNHKJBQ==",
      "license": "MIT",
      "engines": {
        "node": "^12.20.0 || >=14"
      }
    },
    "node_modules/he": {
      "version": "1.2.0",
      "resolved": "https://registry.npmjs.org/he/-/he-1.2.0.tgz",
      "integrity": "sha512-F/1DnUGPopORZi0ni+CvrCgHQ5FyEAHRLSApuYWMmrbSwoN2Mn/7k+Gl38gJnR7yyDZk6WLXwiGod1JOWNDKGw==",
      "license": "MIT",
      "bin": {
        "he": "bin/he"
      }
    },
    "node_modules/highlight.js": {
      "version": "11.9.0",
      "resolved": "https://registry.npmjs.org/highlight.js/-/highlight.js-11.9.0.tgz",
      "integrity": "sha512-fJ7cW7fQGCYAkgv4CPfwFHrfd/cLS4Hau96JuJ+ZTOWhjnhoeN1ub1tFmALm/+lW5z4WCAuAV9bm05AP0mS6Gw==",
      "license": "BSD-3-Clause",
      "engines": {
        "node": ">=12.0.0"
      }
    },
    "node_modules/html-encoder-decoder": {
      "version": "1.3.10",
      "resolved": "https://registry.npmjs.org/html-encoder-decoder/-/html-encoder-decoder-1.3.10.tgz",
      "integrity": "sha512-18SjgzQZ9U1mxb96rjcWgWMnTlEzNj2lU2wAU7OeUobdIWXTS6lOGc6419eLhMlX24sNQYDyQfgkSXWjyq/Ilg==",
      "license": "MIT",
      "dependencies": {
        "he": "^1.1.0",
        "iterate-object": "^1.3.2",
        "regex-escape": "^3.4.2"
      }
    },
    "node_modules/iterate-object": {
      "version": "1.3.4",
      "resolved": "https://registry.npmjs.org/iterate-object/-/iterate-object-1.3.4.tgz",
      "integrity": "sha512-4dG1D1x/7g8PwHS9aK6QV5V94+ZvyP4+d19qDv43EzImmrndysIl4prmJ1hWWIGCqrZHyaHBm6BSEWHOLnpoNw==",
      "license": "MIT"
    },
    "node_modules/regex-escape": {
      "version": "3.4.10",
      "resolved": "https://registry.npmjs.org/regex-escape/-/regex-escape-3.4.10.tgz",
      "integrity": "sha512-qEqf7uzW+iYcKNLMDFnMkghhQBnGdivT6KqVQyKsyjSWnoFyooXVnxrw9dtv3AFLnD6VBGXxtZGAQNFGFTnCqA==",
      "license": "MIT"
    },
    "node_modules/showdown": {
      "version": "2.1.0",
      "resolved": "https://registry.npmjs.org/showdown/-/showdown-2.1.0.tgz",
      "integrity": "sha512-/6NVYu4U819R2pUIk79n67SYgJHWCce0a5xTP979WbNp0FL9MN1I1QK662IDU1b6JzKTvmhgI7T7JYIxBi3kMQ==",
      "license": "MIT",
      "dependencies": {
        "commander": "^9.0.0"
      },
      "bin": {
        "showdown": "bin/showdown.js"
      },
      "funding": {
        "type": "individual",
        "url": "https://www.paypal.me/tiviesantos"
      }
    },
    "node_modules/showdown-highlight": {
      "version": "3.1.0",
      "resolved": "https://registry.npmjs.org/showdown-highlight/-/showdown-highlight-3.1.0.tgz",
      "integrity": "sha512-wrTxtE63L/bpW5A2Uy/AO1gblXnNHK/cDL6LszECOoCdMJKWTj0/4n4I/pmqub+3H3KCPVDDvtXpCArnT/heFA==",
      "license": "MIT",
      "dependencies": {
        "highlight.js": "^11.5.0",
        "html-encoder-decoder": "^1.3.9",
        "showdown": "^2.0.3"
      }
    },
    "node_modules/showdown-target-blank": {
      "version": "1.0.2",
      "resolved": "https://registry.npmjs.org/showdown-target-blank/-/showdown-target-blank-1.0.2.tgz",
      "integrity": "sha512-Yxvg/ixZ34Wwk5iaY/ZPzxnc0f1oQxzhg4lLezavHfhPZumIMQilRlfFTaIKW1tv3nIzA+FNBktuAjCgCQ242w==",
      "license": "BSD",
      "dependencies": {
        "showdown": "1.1.0"
      }
    },
    "node_modules/showdown-target-blank/node_modules/showdown": {
      "version": "1.1.0",
      "resolved": "https://registry.npmjs.org/showdown/-/showdown-1.1.0.tgz",
      "integrity": "sha512-qg3WJ40tVdXoEnccka5R+denlJyb+0iv24z6v99y2G7Ew5mrskYUrR7YYqf3Z3dV/4bZbNWcCJhAas7u1vKMTA==",
      "license": "BSD-2-Clause"
    }
  }
}
